
Microsoft Visual Studio Solution File, Format Version 12.00
# Visual Studio Version 17
VisualStudioVersion = 17.2.32516.85
MinimumVisualStudioVersion = 10.0.40219.1
Project("{FAE04EC0-301F-11D3-BF4B-00C04F79EFBC}") = "MvcStok", "MvcStok\MvcStok.csproj", "{2B9C8E70-6476-4780-9394-F520F289322C}"
EndProject
Global
	GlobalSection(SolutionConfigurationPlatforms) = preSolution
		Debug|Any CPU = Debug|Any CPU
		Release|Any CPU = Release|Any CPU
	EndGlobalSection
	GlobalSection(ProjectConfigurationPlatforms) = postSolution
		{2B9C8E70-6476-4780-9394-F520F289322C}.Debug|Any CPU.ActiveCfg = Debug|Any CPU
		{2B9C8E70-6476-4780-9394-F520F289322C}.Debug|Any CPU.Build.0 = Debug|Any CPU
		{2B9C8E70-6476-4780-9394-F520F289322C}.Release|Any CPU.ActiveCfg = Release|Any CPU
		{2B9C8E70-6476-4780-9394-F520F289322C}.Release|Any CPU.Build.0 = Release|Any CPU
	EndGlobalSection
	GlobalSection(SolutionProperties) = preSolution
		HideSolutionNode = FALSE
	EndGlobalSection
	GlobalSection(ExtensibilityGlobals) = postSolution
		SolutionGuid = {69DE1498-C256-44E4-8690-B349F1B939A8}
	EndGlobalSection
EndGlobal
